
Microsoft Visual Studio Solution File, Format Version 12.00
# Visual Studio Version 17
VisualStudioVersion = 17.7.34202.233
MinimumVisualStudioVersion = 10.0.40219.1
Project("{FAE04EC0-301F-11D3-BF4B-00C04F79EFBC}") = "Sistema_Inventario_V7", "Sistema_Inventario_V7\Sistema_Inventario_V7.csproj", "{197F86B6-3A09-4614-B225-9D15C34FDBBC}"
EndProject
Global
	GlobalSection(SolutionConfigurationPlatforms) = preSolution
		Debug|Any CPU = Debug|Any CPU
		Release|Any CPU = Release|Any CPU
	EndGlobalSection
	GlobalSection(ProjectConfigurationPlatforms) = postSolution
		{197F86B6-3A09-4614-B225-9D15C34FDBBC}.Debug|Any CPU.ActiveCfg = Debug|Any CPU
		{197F86B6-3A09-4614-B225-9D15C34FDBBC}.Debug|Any CPU.Build.0 = Debug|Any CPU
		{197F86B6-3A09-4614-B225-9D15C34FDBBC}.Release|Any CPU.ActiveCfg = Release|Any CPU
		{197F86B6-3A09-4614-B225-9D15C34FDBBC}.Release|Any CPU.Build.0 = Release|Any CPU
	EndGlobalSection
	GlobalSection(SolutionProperties) = preSolution
		HideSolutionNode = FALSE
	EndGlobalSection
	GlobalSection(ExtensibilityGlobals) = postSolution
		SolutionGuid = {2933BAB5-CB60-41CD-8527-3ED3E1A5C9C4}
	EndGlobalSection
EndGlobal
